// !$*UTF8*$!
{
	archiveVersion = 1;
	classes = {
	};
	objectVersion = 55;
	objects = {

/* Begin PBXBuildFile section */
		DE56952C28584EC1009F3DCE /* AppDelegate.swift in Sources */ = {isa = PBXBuildFile; fileRef = DE56952B28584EC1009F3DCE /* AppDelegate.swift */; };
		DE56952E28584EC1009F3DCE /* SceneDelegate.swift in Sources */ = {isa = PBXBuildFile; fileRef = DE56952D28584EC1009F3DCE /* SceneDelegate.swift */; };
		DE56953028584EC1009F3DCE /* MoviewSearchViewController.swift in Sources */ = {isa = PBXBuildFile; fileRef = DE56952F28584EC1009F3DCE /* MoviewSearchViewController.swift */; };
		DE56953528584EC3009F3DCE /* Assets.xcassets in Resources */ = {isa = PBXBuildFile; fileRef = DE56953428584EC3009F3DCE /* Assets.xcassets */; };
		DE56953828584EC3009F3DCE /* LaunchScreen.storyboard in Resources */ = {isa = PBXBuildFile; fileRef = DE56953628584EC3009F3DCE /* LaunchScreen.storyboard */; };
		DE56954B2858502D009F3DCE /* RxCocoa in Frameworks */ = {isa = PBXBuildFile; productRef = DE56954A2858502D009F3DCE /* RxCocoa */; };
		DE56954D2858502D009F3DCE /* RxSwift in Frameworks */ = {isa = PBXBuildFile; productRef = DE56954C2858502D009F3DCE /* RxSwift */; };
		DE569552285854A2009F3DCE /* .swiftlint.yml in Resources */ = {isa = PBXBuildFile; fileRef = DE569551285854A2009F3DCE /* .swiftlint.yml */; };
		DE56955D285856B2009F3DCE /* CoordinatorDescribing.swift in Sources */ = {isa = PBXBuildFile; fileRef = DE56955C285856B2009F3DCE /* CoordinatorDescribing.swift */; };
		DE56955F2858571D009F3DCE /* AppCoordinator.swift in Sources */ = {isa = PBXBuildFile; fileRef = DE56955E2858571D009F3DCE /* AppCoordinator.swift */; };
		DE5695612858591B009F3DCE /* SearchCoordinator.swift in Sources */ = {isa = PBXBuildFile; fileRef = DE5695602858591B009F3DCE /* SearchCoordinator.swift */; };
/* End PBXBuildFile section */

/* Begin PBXFileReference section */
		DE56952828584EC1009F3DCE /* NaverMovieSearch.app */ = {isa = PBXFileReference; explicitFileType = wrapper.application; includeInIndex = 0; path = NaverMovieSearch.app; sourceTree = BUILT_PRODUCTS_DIR; };
		DE56952B28584EC1009F3DCE /* AppDelegate.swift */ = {isa = PBXFileReference; lastKnownFileType = sourcecode.swift; path = AppDelegate.swift; sourceTree = "<group>"; };
		DE56952D28584EC1009F3DCE /* SceneDelegate.swift */ = {isa = PBXFileReference; lastKnownFileType = sourcecode.swift; path = SceneDelegate.swift; sourceTree = "<group>"; };
		DE56952F28584EC1009F3DCE /* MoviewSearchViewController.swift */ = {isa = PBXFileReference; lastKnownFileType = sourcecode.swift; path = MoviewSearchViewController.swift; sourceTree = "<group>"; };
		DE56953428584EC3009F3DCE /* Assets.xcassets */ = {isa = PBXFileReference; lastKnownFileType = folder.assetcatalog; path = Assets.xcassets; sourceTree = "<group>"; };
		DE56953728584EC3009F3DCE /* Base */ = {isa = PBXFileReference; lastKnownFileType = file.storyboard; name = Base; path = Base.lproj/LaunchScreen.storyboard; sourceTree = "<group>"; };
		DE56953928584EC3009F3DCE /* Info.plist */ = {isa = PBXFileReference; lastKnownFileType = text.plist.xml; path = Info.plist; sourceTree = "<group>"; };
		DE569551285854A2009F3DCE /* .swiftlint.yml */ = {isa = PBXFileReference; lastKnownFileType = text.yaml; path = .swiftlint.yml; sourceTree = "<group>"; };
		DE56955C285856B2009F3DCE /* CoordinatorDescribing.swift */ = {isa = PBXFileReference; lastKnownFileType = sourcecode.swift; path = CoordinatorDescribing.swift; sourceTree = "<group>"; };
		DE56955E2858571D009F3DCE /* AppCoordinator.swift */ = {isa = PBXFileReference; lastKnownFileType = sourcecode.swift; name = AppCoordinator.swift; path = ../AppCoordinator.swift; sourceTree = "<group>"; };
		DE5695602858591B009F3DCE /* SearchCoordinator.swift */ = {isa = PBXFileReference; lastKnownFileType = sourcecode.swift; path = SearchCoordinator.swift; sourceTree = "<group>"; };
/* End PBXFileReference section */

/* Begin PBXFrameworksBuildPhase section */
		DE56952528584EC1009F3DCE /* Frameworks */ = {
			isa = PBXFrameworksBuildPhase;
			buildActionMask = 2147483647;
			files = (
				DE56954D2858502D009F3DCE /* RxSwift in Frameworks */,
				DE56954B2858502D009F3DCE /* RxCocoa in Frameworks */,
			);
			runOnlyForDeploymentPostprocessing = 0;
		};
/* End PBXFrameworksBuildPhase section */

/* Begin PBXGroup section */
		DE56951F28584EC1009F3DCE = {
			isa = PBXGroup;
			children = (
				DE569551285854A2009F3DCE /* .swiftlint.yml */,
				DE56952A28584EC1009F3DCE /* NaverMovieSearch */,
				DE56952928584EC1009F3DCE /* Products */,
			);
			sourceTree = "<group>";
		};
		DE56952928584EC1009F3DCE /* Products */ = {
			isa = PBXGroup;
			children = (
				DE56952828584EC1009F3DCE /* NaverMovieSearch.app */,
			);
			name = Products;
			sourceTree = "<group>";
		};
		DE56952A28584EC1009F3DCE /* NaverMovieSearch */ = {
			isa = PBXGroup;
			children = (
				DE569553285855F7009F3DCE /* App */,
				DE56955428585605009F3DCE /* Presentation */,
				DE56955A28585673009F3DCE /* Resources */,
				DE56955B2858569C009F3DCE /* Protocol */,
				DE56953928584EC3009F3DCE /* Info.plist */,
			);
			path = NaverMovieSearch;
			sourceTree = "<group>";
		};
		DE569553285855F7009F3DCE /* App */ = {
			isa = PBXGroup;
			children = (
				DE56952B28584EC1009F3DCE /* AppDelegate.swift */,
				DE56952D28584EC1009F3DCE /* SceneDelegate.swift */,
			);
			path = App;
			sourceTree = "<group>";
		};
		DE56955428585605009F3DCE /* Presentation */ = {
			isa = PBXGroup;
			children = (
				DE56955E2858571D009F3DCE /* AppCoordinator.swift */,
				DE5695552858561E009F3DCE /* Search */,
			);
			path = Presentation;
			sourceTree = "<group>";
		};
		DE5695552858561E009F3DCE /* Search */ = {
			isa = PBXGroup;
			children = (
				DE5695602858591B009F3DCE /* SearchCoordinator.swift */,
				DE56955728585637009F3DCE /* View */,
				DE5695562858562F009F3DCE /* ViewModel */,
			);
			path = Search;
			sourceTree = "<group>";
		};
		DE5695562858562F009F3DCE /* ViewModel */ = {
			isa = PBXGroup;
			children = (
			);
			path = ViewModel;
			sourceTree = "<group>";
		};
		DE56955728585637009F3DCE /* View */ = {
			isa = PBXGroup;
			children = (
				DE56952F28584EC1009F3DCE /* MoviewSearchViewController.swift */,
			);
			path = View;
			sourceTree = "<group>";
		};
		DE56955A28585673009F3DCE /* Resources */ = {
			isa = PBXGroup;
			children = (
				DE56953428584EC3009F3DCE /* Assets.xcassets */,
				DE56953628584EC3009F3DCE /* LaunchScreen.storyboard */,
			);
			path = Resources;
			sourceTree = "<group>";
		};
		DE56955B2858569C009F3DCE /* Protocol */ = {
			isa = PBXGroup;
			children = (
				DE56955C285856B2009F3DCE /* CoordinatorDescribing.swift */,
			);
			path = Protocol;
			sourceTree = "<group>";
		};
/* End PBXGroup section */

/* Begin PBXNativeTarget section */
		DE56952728584EC1009F3DCE /* NaverMovieSearch */ = {
			isa = PBXNativeTarget;
			buildConfigurationList = DE56953C28584EC3009F3DCE /* Build configuration list for PBXNativeTarget "NaverMovieSearch" */;
			buildPhases = (
				DE56952428584EC1009F3DCE /* Sources */,
				DE56952528584EC1009F3DCE /* Frameworks */,
				DE56952628584EC1009F3DCE /* Resources */,
				DE56954E285850B0009F3DCE /* ShellScript */,
			);
			buildRules = (
			);
			dependencies = (
			);
			name = NaverMovieSearch;
			packageProductDependencies = (
				DE56954A2858502D009F3DCE /* RxCocoa */,
				DE56954C2858502D009F3DCE /* RxSwift */,
			);
			productName = NaverMovieSearch;
			productReference = DE56952828584EC1009F3DCE /* NaverMovieSearch.app */;
			productType = "com.apple.product-type.application";
		};
/* End PBXNativeTarget section */

/* Begin PBXProject section */
		DE56952028584EC1009F3DCE /* Project object */ = {
			isa = PBXProject;
			attributes = {
				BuildIndependentTargetsInParallel = 1;
				LastSwiftUpdateCheck = 1340;
				LastUpgradeCheck = 1340;
				TargetAttributes = {
					DE56952728584EC1009F3DCE = {
						CreatedOnToolsVersion = 13.4;
					};
				};
			};
			buildConfigurationList = DE56952328584EC1009F3DCE /* Build configuration list for PBXProject "NaverMovieSearch" */;
			compatibilityVersion = "Xcode 13.0";
			developmentRegion = en;
			hasScannedForEncodings = 0;
			knownRegions = (
				en,
				Base,
			);
			mainGroup = DE56951F28584EC1009F3DCE;
			packageReferences = (
				DE5695492858502D009F3DCE /* XCRemoteSwiftPackageReference "RxSwift" */,
			);
			productRefGroup = DE56952928584EC1009F3DCE /* Products */;
			projectDirPath = "";
			projectRoot = "";
			targets = (
				DE56952728584EC1009F3DCE /* NaverMovieSearch */,
			);
		};
/* End PBXProject section */

/* Begin PBXResourcesBuildPhase section */
		DE56952628584EC1009F3DCE /* Resources */ = {
			isa = PBXResourcesBuildPhase;
			buildActionMask = 2147483647;
			files = (
				DE569552285854A2009F3DCE /* .swiftlint.yml in Resources */,
				DE56953828584EC3009F3DCE /* LaunchScreen.storyboard in Resources */,
				DE56953528584EC3009F3DCE /* Assets.xcassets in Resources */,
			);
			runOnlyForDeploymentPostprocessing = 0;
		};
/* End PBXResourcesBuildPhase section */

/* Begin PBXShellScriptBuildPhase section */
		DE56954E285850B0009F3DCE /* ShellScript */ = {
			isa = PBXShellScriptBuildPhase;
			buildActionMask = 2147483647;
			files = (
			);
			inputFileListPaths = (
			);
			inputPaths = (
			);
			outputFileListPaths = (
			);
			outputPaths = (
			);
			runOnlyForDeploymentPostprocessing = 0;
			shellPath = /bin/sh;
			shellScript = "if test -d \"/opt/homebrew/bin/\"; then\n  PATH=\"/opt/homebrew/bin/:${PATH}\"\nfi\n\nexport PATH\n\nif which swiftlint >/dev/null; then\n  swiftlint\nelse\n  echo \"warning: SwiftLint not installed, download from https://github.com/realm/SwiftLint\"\nfi\n\n";
		};
/* End PBXShellScriptBuildPhase section */

/* Begin PBXSourcesBuildPhase section */
		DE56952428584EC1009F3DCE /* Sources */ = {
			isa = PBXSourcesBuildPhase;
			buildActionMask = 2147483647;
			files = (
				DE56955F2858571D009F3DCE /* AppCoordinator.swift in Sources */,
				DE56955D285856B2009F3DCE /* CoordinatorDescribing.swift in Sources */,
				DE56953028584EC1009F3DCE /* MoviewSearchViewController.swift in Sources */,
				DE56952C28584EC1009F3DCE /* AppDelegate.swift in Sources */,
				DE5695612858591B009F3DCE /* SearchCoordinator.swift in Sources */,
				DE56952E28584EC1009F3DCE /* SceneDelegate.swift in Sources */,
			);
			runOnlyForDeploymentPostprocessing = 0;
		};
/* End PBXSourcesBuildPhase section */

/* Begin PBXVariantGroup section */
		DE56953628584EC3009F3DCE /* LaunchScreen.storyboard */ = {
			isa = PBXVariantGroup;
			children = (
				DE56953728584EC3009F3DCE /* Base */,
			);
			name = LaunchScreen.storyboard;
			sourceTree = "<group>";
		};
/* End PBXVariantGroup section */

/* Begin XCBuildConfiguration section */
		DE56953A28584EC3009F3DCE /* Debug */ = {
			isa = XCBuildConfiguration;
			buildSettings = {
				ALWAYS_SEARCH_USER_PATHS = NO;
				CLANG_ANALYZER_NONNULL = YES;
				CLANG_ANALYZER_NUMBER_OBJECT_CONVERSION = YES_AGGRESSIVE;
				CLANG_CXX_LANGUAGE_STANDARD = "gnu++17";
				CLANG_ENABLE_MODULES = YES;
				CLANG_ENABLE_OBJC_ARC = YES;
				CLANG_ENABLE_OBJC_WEAK = YES;
				CLANG_WARN_BLOCK_CAPTURE_AUTORELEASING = YES;
				CLANG_WARN_BOOL_CONVERSION = YES;
				CLANG_WARN_COMMA = YES;
				CLANG_WARN_CONSTANT_CONVERSION = YES;
				CLANG_WARN_DEPRECATED_OBJC_IMPLEMENTATIONS = YES;
				CLANG_WARN_DIRECT_OBJC_ISA_USAGE = YES_ERROR;
				CLANG_WARN_DOCUMENTATION_COMMENTS = YES;
				CLANG_WARN_EMPTY_BODY = YES;
				CLANG_WARN_ENUM_CONVERSION = YES;
				CLANG_WARN_INFINITE_RECURSION = YES;
				CLANG_WARN_INT_CONVERSION = YES;
				CLANG_WARN_NON_LITERAL_NULL_CONVERSION = YES;
				CLANG_WARN_OBJC_IMPLICIT_RETAIN_SELF = YES;
				CLANG_WARN_OBJC_LITERAL_CONVERSION = YES;
				CLANG_WARN_OBJC_ROOT_CLASS = YES_ERROR;
				CLANG_WARN_QUOTED_INCLUDE_IN_FRAMEWORK_HEADER = YES;
				CLANG_WARN_RANGE_LOOP_ANALYSIS = YES;
				CLANG_WARN_STRICT_PROTOTYPES = YES;
				CLANG_WARN_SUSPICIOUS_MOVE = YES;
				CLANG_WARN_UNGUARDED_AVAILABILITY = YES_AGGRESSIVE;
				CLANG_WARN_UNREACHABLE_CODE = YES;
				CLANG_WARN__DUPLICATE_METHOD_MATCH = YES;
				COPY_PHASE_STRIP = NO;
				DEBUG_INFORMATION_FORMAT = dwarf;
				ENABLE_STRICT_OBJC_MSGSEND = YES;
				ENABLE_TESTABILITY = YES;
				GCC_C_LANGUAGE_STANDARD = gnu11;
				GCC_DYNAMIC_NO_PIC = NO;
				GCC_NO_COMMON_BLOCKS = YES;
				GCC_OPTIMIZATION_LEVEL = 0;
				GCC_PREPROCESSOR_DEFINITIONS = (
					"DEBUG=1",
					"$(inherited)",
				);
				GCC_WARN_64_TO_32_BIT_CONVERSION = YES;
				GCC_WARN_ABOUT_RETURN_TYPE = YES_ERROR;
				GCC_WARN_UNDECLARED_SELECTOR = YES;
				GCC_WARN_UNINITIALIZED_AUTOS = YES_AGGRESSIVE;
				GCC_WARN_UNUSED_FUNCTION = YES;
				GCC_WARN_UNUSED_VARIABLE = YES;
				IPHONEOS_DEPLOYMENT_TARGET = 15.5;
				MTL_ENABLE_DEBUG_INFO = INCLUDE_SOURCE;
				MTL_FAST_MATH = YES;
				ONLY_ACTIVE_ARCH = YES;
				SDKROOT = iphoneos;
				SWIFT_ACTIVE_COMPILATION_CONDITIONS = DEBUG;
				SWIFT_OPTIMIZATION_LEVEL = "-Onone";
			};
			name = Debug;
		};
		DE56953B28584EC3009F3DCE /* Release */ = {
			isa = XCBuildConfiguration;
			buildSettings = {
				ALWAYS_SEARCH_USER_PATHS = NO;
				CLANG_ANALYZER_NONNULL = YES;
				CLANG_ANALYZER_NUMBER_OBJECT_CONVERSION = YES_AGGRESSIVE;
				CLANG_CXX_LANGUAGE_STANDARD = "gnu++17";
				CLANG_ENABLE_MODULES = YES;
				CLANG_ENABLE_OBJC_ARC = YES;
				CLANG_ENABLE_OBJC_WEAK = YES;
				CLANG_WARN_BLOCK_CAPTURE_AUTORELEASING = YES;
				CLANG_WARN_BOOL_CONVERSION = YES;
				CLANG_WARN_COMMA = YES;
				CLANG_WARN_CONSTANT_CONVERSION = YES;
				CLANG_WARN_DEPRECATED_OBJC_IMPLEMENTATIONS = YES;
				CLANG_WARN_DIRECT_OBJC_ISA_USAGE = YES_ERROR;
				CLANG_WARN_DOCUMENTATION_COMMENTS = YES;
				CLANG_WARN_EMPTY_BODY = YES;
				CLANG_WARN_ENUM_CONVERSION = YES;
				CLANG_WARN_INFINITE_RECURSION = YES;
				CLANG_WARN_INT_CONVERSION = YES;
				CLANG_WARN_NON_LITERAL_NULL_CONVERSION = YES;
				CLANG_WARN_OBJC_IMPLICIT_RETAIN_SELF = YES;
				CLANG_WARN_OBJC_LITERAL_CONVERSION = YES;
				CLANG_WARN_OBJC_ROOT_CLASS = YES_ERROR;
				CLANG_WARN_QUOTED_INCLUDE_IN_FRAMEWORK_HEADER = YES;
				CLANG_WARN_RANGE_LOOP_ANALYSIS = YES;
				CLANG_WARN_STRICT_PROTOTYPES = YES;
				CLANG_WARN_SUSPICIOUS_MOVE = YES;
				CLANG_WARN_UNGUARDED_AVAILABILITY = YES_AGGRESSIVE;
				CLANG_WARN_UNREACHABLE_CODE = YES;
				CLANG_WARN__DUPLICATE_METHOD_MATCH = YES;
				COPY_PHASE_STRIP = NO;
				DEBUG_INFORMATION_FORMAT = "dwarf-with-dsym";
				ENABLE_NS_ASSERTIONS = NO;
				ENABLE_STRICT_OBJC_MSGSEND = YES;
				GCC_C_LANGUAGE_STANDARD = gnu11;
				GCC_NO_COMMON_BLOCKS = YES;
				GCC_WARN_64_TO_32_BIT_CONVERSION = YES;
				GCC_WARN_ABOUT_RETURN_TYPE = YES_ERROR;
				GCC_WARN_UNDECLARED_SELECTOR = YES;
				GCC_WARN_UNINITIALIZED_AUTOS = YES_AGGRESSIVE;
				GCC_WARN_UNUSED_FUNCTION = YES;
				GCC_WARN_UNUSED_VARIABLE = YES;
				IPHONEOS_DEPLOYMENT_TARGET = 15.5;
				MTL_ENABLE_DEBUG_INFO = NO;
				MTL_FAST_MATH = YES;
				SDKROOT = iphoneos;
				SWIFT_COMPILATION_MODE = wholemodule;
				SWIFT_OPTIMIZATION_LEVEL = "-O";
				VALIDATE_PRODUCT = YES;
			};
			name = Release;
		};
		DE56953D28584EC3009F3DCE /* Debug */ = {
			isa = XCBuildConfiguration;
			buildSettings = {
				ASSETCATALOG_COMPILER_APPICON_NAME = AppIcon;
				ASSETCATALOG_COMPILER_GLOBAL_ACCENT_COLOR_NAME = AccentColor;
				CODE_SIGN_STYLE = Automatic;
				CURRENT_PROJECT_VERSION = 1;
				DEVELOPMENT_TEAM = FA464JRW3F;
				GENERATE_INFOPLIST_FILE = YES;
				INFOPLIST_FILE = NaverMovieSearch/Info.plist;
				INFOPLIST_KEY_UIApplicationSupportsIndirectInputEvents = YES;
				INFOPLIST_KEY_UILaunchStoryboardName = LaunchScreen;
				INFOPLIST_KEY_UISupportedInterfaceOrientations_iPad = "UIInterfaceOrientationPortrait UIInterfaceOrientationPortraitUpsideDown UIInterfaceOrientationLandscapeLeft UIInterfaceOrientationLandscapeRight";
				INFOPLIST_KEY_UISupportedInterfaceOrientations_iPhone = "UIInterfaceOrientationPortrait UIInterfaceOrientationLandscapeLeft UIInterfaceOrientationLandscapeRight";
				LD_RUNPATH_SEARCH_PATHS = (
					"$(inherited)",
					"@executable_path/Frameworks",
				);
				MARKETING_VERSION = 1.0;
				PRODUCT_BUNDLE_IDENTIFIER = com.hojoon.NaverMovieSearch;
				PRODUCT_NAME = "$(TARGET_NAME)";
				SWIFT_EMIT_LOC_STRINGS = YES;
				SWIFT_VERSION = 5.0;
				TARGETED_DEVICE_FAMILY = "1,2";
			};
			name = Debug;
		};
		DE56953E28584EC3009F3DCE /* Release */ = {
			isa = XCBuildConfiguration;
			buildSettings = {
				ASSETCATALOG_COMPILER_APPICON_NAME = AppIcon;
				ASSETCATALOG_COMPILER_GLOBAL_ACCENT_COLOR_NAME = AccentColor;
				CODE_SIGN_STYLE = Automatic;
				CURRENT_PROJECT_VERSION = 1;
				DEVELOPMENT_TEAM = FA464JRW3F;
				GENERATE_INFOPLIST_FILE = YES;
				INFOPLIST_FILE = NaverMovieSearch/Info.plist;
				INFOPLIST_KEY_UIApplicationSupportsIndirectInputEvents = YES;
				INFOPLIST_KEY_UILaunchStoryboardName = LaunchScreen;
				INFOPLIST_KEY_UISupportedInterfaceOrientations_iPad = "UIInterfaceOrientationPortrait UIInterfaceOrientationPortraitUpsideDown UIInterfaceOrientationLandscapeLeft UIInterfaceOrientationLandscapeRight";
				INFOPLIST_KEY_UISupportedInterfaceOrientations_iPhone = "UIInterfaceOrientationPortrait UIInterfaceOrientationLandscapeLeft UIInterfaceOrientationLandscapeRight";
				LD_RUNPATH_SEARCH_PATHS = (
					"$(inherited)",
					"@executable_path/Frameworks",
				);
				MARKETING_VERSION = 1.0;
				PRODUCT_BUNDLE_IDENTIFIER = com.hojoon.NaverMovieSearch;
				PRODUCT_NAME = "$(TARGET_NAME)";
				SWIFT_EMIT_LOC_STRINGS = YES;
				SWIFT_VERSION = 5.0;
				TARGETED_DEVICE_FAMILY = "1,2";
			};
			name = Release;
		};
/* End XCBuildConfiguration section */

/* Begin XCConfigurationList section */
		DE56952328584EC1009F3DCE /* Build configuration list for PBXProject "NaverMovieSearch" */ = {
			isa = XCConfigurationList;
			buildConfigurations = (
				DE56953A28584EC3009F3DCE /* Debug */,
				DE56953B28584EC3009F3DCE /* Release */,
			);
			defaultConfigurationIsVisible = 0;
			defaultConfigurationName = Release;
		};
		DE56953C28584EC3009F3DCE /* Build configuration list for PBXNativeTarget "NaverMovieSearch" */ = {
			isa = XCConfigurationList;
			buildConfigurations = (
				DE56953D28584EC3009F3DCE /* Debug */,
				DE56953E28584EC3009F3DCE /* Release */,
			);
			defaultConfigurationIsVisible = 0;
			defaultConfigurationName = Release;
		};
/* End XCConfigurationList section */

/* Begin XCRemoteSwiftPackageReference section */
		DE5695492858502D009F3DCE /* XCRemoteSwiftPackageReference "RxSwift" */ = {
			isa = XCRemoteSwiftPackageReference;
			repositoryURL = "https://github.com/ReactiveX/RxSwift";
			requirement = {
				kind = upToNextMajorVersion;
				minimumVersion = 6.0.0;
			};
		};
/* End XCRemoteSwiftPackageReference section */

/* Begin XCSwiftPackageProductDependency section */
		DE56954A2858502D009F3DCE /* RxCocoa */ = {
			isa = XCSwiftPackageProductDependency;
			package = DE5695492858502D009F3DCE /* XCRemoteSwiftPackageReference "RxSwift" */;
			productName = RxCocoa;
		};
		DE56954C2858502D009F3DCE /* RxSwift */ = {
			isa = XCSwiftPackageProductDependency;
			package = DE5695492858502D009F3DCE /* XCRemoteSwiftPackageReference "RxSwift" */;
			productName = RxSwift;
		};
/* End XCSwiftPackageProductDependency section */
	};
	rootObject = DE56952028584EC1009F3DCE /* Project object */;
}
